<?xml version="1.0" encoding="UTF-8"?>
<Scheme
   LastUpgradeVersion = "0720"
   version = "2.0">
   <BuildAction
      parallelizeBuildables = "YES"
      buildImplicitDependencies = "YES">
      <BuildActionEntries>
         <BuildActionEntry
            buildForTesting = "YES"
            buildForRunning = "YES"
            buildForProfiling = "YES"
            buildForArchiving = "YES"
            buildForAnalyzing = "YES">
            <BuildableReference
               BuildableIdentifier = "primary"
               BlueprintIdentifier = "956779DF1C218F0E0012C397"
               BuildableName = "smartConnectionWatch.app"
               BlueprintName = "smartConnectionWatch"
               ReferencedContainer = "container:smartConnection.xcodeproj">
            </BuildableReference>
         </BuildActionEntry>
         <BuildActionEntry
            buildForTesting = "YES"
            buildForRunning = "YES"
            buildForProfiling = "YES"
            buildForArchiving = "YES"
            buildForAnalyzing = "YES">
            <BuildableReference
               BuildableIdentifier = "primary"
               BlueprintIdentifier = "956779EB1C218F0E0012C397"
               BuildableName = "smartConnectionWatch Extension.appex"
               BlueprintName = "smartConnectionWatch Extension"
               ReferencedContainer = "container:smartConnection.xcodeproj">
            </BuildableReference>
         </BuildActionEntry>
         <BuildActionEntry
            buildForTesting = "YES"
            buildForRunning = "YES"
            buildForProfiling = "YES"
            buildForArchiving = "YES"
            buildForAnalyzing = "YES">
            <BuildableReference
               BuildableIdentifier = "primary"
               BlueprintIdentifier = "956779AA1C218D2E0012C397"
               BuildableName = "smartConnection.app"
               BlueprintName = "smartConnection"
               ReferencedContainer = "container:smartConnection.xcodeproj">
            </BuildableReference>
         </BuildActionEntry>
      </BuildActionEntries>
   </BuildAction>
   <TestAction
      buildConfiguration = "Debug"
      selectedDebuggerIdentifier = "Xcode.DebuggerFoundation.Debugger.LLDB"
      selectedLauncherIdentifier = "Xcode.DebuggerFoundation.Launcher.LLDB"
      shouldUseLaunchSchemeArgsEnv = "YES">
      <Testables>
      </Testables>
      <MacroExpansion>
         <BuildableReference
            BuildableIdentifier = "primary"
            BlueprintIdentifier = "956779DF1C218F0E0012C397"
            BuildableName = "smartConnectionWatch.app"
            BlueprintName = "smartConnectionWatch"
            ReferencedContainer = "container:smartConnection.xcodeproj">
         </BuildableReference>
      </MacroExpansion>
      <AdditionalOptions>
      </AdditionalOptions>
   </TestAction>
   <LaunchAction
      buildConfiguration = "Debug"
      selectedDebuggerIdentifier = "Xcode.DebuggerFoundation.Debugger.LLDB"
      selectedLauncherIdentifier = "Xcode.DebuggerFoundation.Launcher.LLDB"
      launchStyle = "0"
      useCustomWorkingDirectory = "NO"
      ignoresPersistentStateOnLaunch = "NO"
      debugDocumentVersioning = "YES"
      debugServiceExtension = "internal"
      allowLocationSimulation = "YES"
      launchAutomaticallySubstyle = "4"
      notificationPayloadFile = "smartConnectionWatch Extension/PushNotificationPayload.apns">
      <RemoteRunnable
         runnableDebuggingMode = "2"
         BundleIdentifier = "com.apple.carousel"
         RemotePath = "/smartConnection">
         <BuildableReference
            BuildableIdentifier = "primary"
            BlueprintIdentifier = "956779DF1C218F0E0012C397"
            BuildableName = "smartConnectionWatch.app"
            BlueprintName = "smartConnectionWatch"
            ReferencedContainer = "container:smartConnection.xcodeproj">
         </BuildableReference>
      </RemoteRunnable>
      <MacroExpansion>
         <BuildableReference
            BuildableIdentifier = "primary"
            BlueprintIdentifier = "956779DF1C218F0E0012C397"
            BuildableName = "smartConnectionWatch.app"
            BlueprintName = "smartConnectionWatch"
            ReferencedContainer = "container:smartConnection.xcodeproj">
         </BuildableReference>
      </MacroExpansion>
      <AdditionalOptions>
      </AdditionalOptions>
   </LaunchAction>
   <ProfileAction
      buildConfiguration = "Release"
      shouldUseLaunchSchemeArgsEnv = "YES"
      savedToolIdentifier = ""
      useCustomWorkingDirectory = "NO"
      debugDocumentVersioning = "YES"
      launchAutomaticallySubstyle = "4"
      notificationPayloadFile = "smartConnectionWatch Extension/PushNotificationPayload.apns">
      <RemoteRunnable
         runnableDebuggingMode = "2"
         BundleIdentifier = "com.apple.carousel"
         RemotePath = "/smartConnection">
         <BuildableReference
            BuildableIdentifier = "primary"
            BlueprintIdentifier = "956779DF1C218F0E0012C397"
            BuildableName = "smartConnectionWatch.app"
            BlueprintName = "smartConnectionWatch"
            ReferencedContainer = "container:smartConnection.xcodeproj">
         </BuildableReference>
      </RemoteRunnable>
      <MacroExpansion>
         <BuildableReference
            BuildableIdentifier = "primary"
            BlueprintIdentifier = "956779DF1C218F0E0012C397"
            BuildableName = "smartConnectionWatch.app"
            BlueprintName = "smartConnectionWatch"
            ReferencedContainer = "container:smartConnection.xcodeproj">
         </BuildableReference>
      </MacroExpansion>
   </ProfileAction>
   <AnalyzeAction
      buildConfiguration = "Debug">
   </AnalyzeAction>
   <ArchiveAction
      buildConfiguration = "Release"
      revealArchiveInOrganizer = "YES">
   </ArchiveAction>
</Scheme>
